// !$*UTF8*$!
{
	archiveVersion = 1;
	classes = {
	};
	objectVersion = 50;
	objects = {

/* Begin PBXBuildFile section */
		441CB3A7FB8F17A41CEF1981 /* Pods_PopularMovies.framework in Frameworks */ = {isa = PBXBuildFile; fileRef = 6616EE2C84B61CF15410D5A5 /* Pods_PopularMovies.framework */; };
		D7126860227D5FF400AAEB33 /* MovieTrailerHeaderTableViewCell.swift in Sources */ = {isa = PBXBuildFile; fileRef = D712685E227D5FF400AAEB33 /* MovieTrailerHeaderTableViewCell.swift */; };
		D7126861227D5FF400AAEB33 /* MovieTrailerHeaderTableViewCell.xib in Resources */ = {isa = PBXBuildFile; fileRef = D712685F227D5FF400AAEB33 /* MovieTrailerHeaderTableViewCell.xib */; };
		D7126864227FEF7700AAEB33 /* MovieReviewHeaderTableViewCell.swift in Sources */ = {isa = PBXBuildFile; fileRef = D7126862227FEF7700AAEB33 /* MovieReviewHeaderTableViewCell.swift */; };
		D7126865227FEF7700AAEB33 /* MovieReviewHeaderTableViewCell.xib in Resources */ = {isa = PBXBuildFile; fileRef = D7126863227FEF7700AAEB33 /* MovieReviewHeaderTableViewCell.xib */; };
		D7126869228527EC00AAEB33 /* DetailViewTableHeader.swift in Sources */ = {isa = PBXBuildFile; fileRef = D7126868228527EC00AAEB33 /* DetailViewTableHeader.swift */; };
		D712686B2285282E00AAEB33 /* DetailViewTableHeader.xib in Resources */ = {isa = PBXBuildFile; fileRef = D712686A2285282E00AAEB33 /* DetailViewTableHeader.xib */; };
		D712686E228530BD00AAEB33 /* EmptyDetailViewTableViewCell.swift in Sources */ = {isa = PBXBuildFile; fileRef = D712686C228530BD00AAEB33 /* EmptyDetailViewTableViewCell.swift */; };
		D712686F228530BD00AAEB33 /* EmptyDetailViewTableViewCell.xib in Resources */ = {isa = PBXBuildFile; fileRef = D712686D228530BD00AAEB33 /* EmptyDetailViewTableViewCell.xib */; };
		D798A50820EF465F0058696A /* AppDelegate.swift in Sources */ = {isa = PBXBuildFile; fileRef = D798A50720EF465F0058696A /* AppDelegate.swift */; };
		D798A50A20EF465F0058696A /* MainViewController.swift in Sources */ = {isa = PBXBuildFile; fileRef = D798A50920EF465F0058696A /* MainViewController.swift */; };
		D798A50D20EF465F0058696A /* Main.storyboard in Resources */ = {isa = PBXBuildFile; fileRef = D798A50B20EF465F0058696A /* Main.storyboard */; };
		D798A50F20EF46720058696A /* Assets.xcassets in Resources */ = {isa = PBXBuildFile; fileRef = D798A50E20EF46720058696A /* Assets.xcassets */; };
		D798A51220EF46720058696A /* LaunchScreen.storyboard in Resources */ = {isa = PBXBuildFile; fileRef = D798A51020EF46720058696A /* LaunchScreen.storyboard */; };
		D798A51A20EF53EA0058696A /* .gitignore in Resources */ = {isa = PBXBuildFile; fileRef = D798A51920EF53EA0058696A /* .gitignore */; };
		D798A52120F045060058696A /* README.md in Resources */ = {isa = PBXBuildFile; fileRef = D798A52020F045060058696A /* README.md */; };
		D798A56920FC3D0B0058696A /* MovieCollectionViewCell.swift in Sources */ = {isa = PBXBuildFile; fileRef = D798A56720FC3D0B0058696A /* MovieCollectionViewCell.swift */; };
		D798A56A20FC3D0B0058696A /* MovieCollectionViewCell.xib in Resources */ = {isa = PBXBuildFile; fileRef = D798A56820FC3D0B0058696A /* MovieCollectionViewCell.xib */; };
		D798A56D20FDE4450058696A /* PopularMoviesConstants.swift in Sources */ = {isa = PBXBuildFile; fileRef = D798A56C20FDE4450058696A /* PopularMoviesConstants.swift */; };
		D798A57020FFF3770058696A /* MovieListResultObject.swift in Sources */ = {isa = PBXBuildFile; fileRef = D798A56F20FFF3770058696A /* MovieListResultObject.swift */; };
		D798A572210149750058696A /* TheMovieDatabaseUtils.swift in Sources */ = {isa = PBXBuildFile; fileRef = D798A571210149750058696A /* TheMovieDatabaseUtils.swift */; };
		D7F4BF6B2228F2F700B63C9A /* MovieReviewResultObject.swift in Sources */ = {isa = PBXBuildFile; fileRef = D7F4BF6A2228F2F700B63C9A /* MovieReviewResultObject.swift */; };
		D7F4BF6D2236165800B63C9A /* MoviePosterDetailViewController.swift in Sources */ = {isa = PBXBuildFile; fileRef = D7F4BF6C2236165800B63C9A /* MoviePosterDetailViewController.swift */; };
		D7F4BF6F223F392600B63C9A /* MyUISeparator.swift in Sources */ = {isa = PBXBuildFile; fileRef = D7F4BF6E223F392600B63C9A /* MyUISeparator.swift */; };
		D7F4BF712240A65E00B63C9A /* MovieVideoResultObject.swift in Sources */ = {isa = PBXBuildFile; fileRef = D7F4BF702240A65E00B63C9A /* MovieVideoResultObject.swift */; };
		D7F4BF7A22449AAE00B63C9A /* CustomMovieTrailerTableViewCell.swift in Sources */ = {isa = PBXBuildFile; fileRef = D7F4BF7822449AAE00B63C9A /* CustomMovieTrailerTableViewCell.swift */; };
		D7F4BF7B22449AAE00B63C9A /* CustomMovieTrailerTableViewCell.xib in Resources */ = {isa = PBXBuildFile; fileRef = D7F4BF7922449AAE00B63C9A /* CustomMovieTrailerTableViewCell.xib */; };
		D7F4BF8522473EBA00B63C9A /* MovieFavoriteObject.swift in Sources */ = {isa = PBXBuildFile; fileRef = D7F4BF8422473EBA00B63C9A /* MovieFavoriteObject.swift */; };
		D7F4BF882249DB9900B63C9A /* CustomMainDetailViewTableViewCell.swift in Sources */ = {isa = PBXBuildFile; fileRef = D7F4BF862249DB9900B63C9A /* CustomMainDetailViewTableViewCell.swift */; };
		D7F4BF892249DB9900B63C9A /* CustomMainDetailViewTableViewCell.xib in Resources */ = {isa = PBXBuildFile; fileRef = D7F4BF872249DB9900B63C9A /* CustomMainDetailViewTableViewCell.xib */; };
		D7F4BF8C22542A4100B63C9A /* MyUri.swift in Sources */ = {isa = PBXBuildFile; fileRef = D7F4BF8B22542A4100B63C9A /* MyUri.swift */; };
		D7F4BF8E225D9A5B00B63C9A /* PopularMoviesSettings.swift in Sources */ = {isa = PBXBuildFile; fileRef = D7F4BF8D225D9A5B00B63C9A /* PopularMoviesSettings.swift */; };
		D7F4BF9222716F7A00B63C9A /* PopularMoviesDataModel.xcdatamodeld in Sources */ = {isa = PBXBuildFile; fileRef = D7F4BF9022716F7900B63C9A /* PopularMoviesDataModel.xcdatamodeld */; };
		D7F4BFBE2274112200B63C9A /* MovieFavorite+CoreDataClass.swift in Sources */ = {isa = PBXBuildFile; fileRef = D7F4BFBC2274112200B63C9A /* MovieFavorite+CoreDataClass.swift */; };
		D7F4BFC22276B81500B63C9A /* MovieTrailers+CoreDataClass.swift in Sources */ = {isa = PBXBuildFile; fileRef = D7F4BFC02276B81500B63C9A /* MovieTrailers+CoreDataClass.swift */; };
		D7F4BFC6227809D600B63C9A /* MovieReviews+CoreDataClass.swift in Sources */ = {isa = PBXBuildFile; fileRef = D7F4BFC4227809D600B63C9A /* MovieReviews+CoreDataClass.swift */; };
		D7FBE43A228A800D005CA9C2 /* CustomMovieReviewTableViewCell.swift in Sources */ = {isa = PBXBuildFile; fileRef = D7FBE438228A800D005CA9C2 /* CustomMovieReviewTableViewCell.swift */; };
		D7FBE43B228A800D005CA9C2 /* CustomMovieReviewTableViewCell.xib in Resources */ = {isa = PBXBuildFile; fileRef = D7FBE439228A800D005CA9C2 /* CustomMovieReviewTableViewCell.xib */; };
		D7FBE43D228D0665005CA9C2 /* Reusable.swift in Sources */ = {isa = PBXBuildFile; fileRef = D7FBE43C228D0665005CA9C2 /* Reusable.swift */; };
		D7FBE441228D07E7005CA9C2 /* ReusableNib.swift in Sources */ = {isa = PBXBuildFile; fileRef = D7FBE440228D07E7005CA9C2 /* ReusableNib.swift */; };
/* End PBXBuildFile section */

/* Begin PBXFileReference section */
		6616EE2C84B61CF15410D5A5 /* Pods_PopularMovies.framework */ = {isa = PBXFileReference; explicitFileType = wrapper.framework; includeInIndex = 0; path = Pods_PopularMovies.framework; sourceTree = BUILT_PRODUCTS_DIR; };
		B23604520039153B38D7F928 /* Pods-PopularMovies.release.xcconfig */ = {isa = PBXFileReference; includeInIndex = 1; lastKnownFileType = text.xcconfig; name = "Pods-PopularMovies.release.xcconfig"; path = "Pods/Target Support Files/Pods-PopularMovies/Pods-PopularMovies.release.xcconfig"; sourceTree = "<group>"; };
		D712685E227D5FF400AAEB33 /* MovieTrailerHeaderTableViewCell.swift */ = {isa = PBXFileReference; lastKnownFileType = sourcecode.swift; path = MovieTrailerHeaderTableViewCell.swift; sourceTree = "<group>"; };
		D712685F227D5FF400AAEB33 /* MovieTrailerHeaderTableViewCell.xib */ = {isa = PBXFileReference; lastKnownFileType = file.xib; path = MovieTrailerHeaderTableViewCell.xib; sourceTree = "<group>"; };
		D7126862227FEF7700AAEB33 /* MovieReviewHeaderTableViewCell.swift */ = {isa = PBXFileReference; lastKnownFileType = sourcecode.swift; path = MovieReviewHeaderTableViewCell.swift; sourceTree = "<group>"; };
		D7126863227FEF7700AAEB33 /* MovieReviewHeaderTableViewCell.xib */ = {isa = PBXFileReference; lastKnownFileType = file.xib; path = MovieReviewHeaderTableViewCell.xib; sourceTree = "<group>"; };
		D7126868228527EC00AAEB33 /* DetailViewTableHeader.swift */ = {isa = PBXFileReference; lastKnownFileType = sourcecode.swift; path = DetailViewTableHeader.swift; sourceTree = "<group>"; };
		D712686A2285282E00AAEB33 /* DetailViewTableHeader.xib */ = {isa = PBXFileReference; lastKnownFileType = file.xib; path = DetailViewTableHeader.xib; sourceTree = "<group>"; };
		D712686C228530BD00AAEB33 /* EmptyDetailViewTableViewCell.swift */ = {isa = PBXFileReference; lastKnownFileType = sourcecode.swift; path = EmptyDetailViewTableViewCell.swift; sourceTree = "<group>"; };
		D712686D228530BD00AAEB33 /* EmptyDetailViewTableViewCell.xib */ = {isa = PBXFileReference; lastKnownFileType = file.xib; path = EmptyDetailViewTableViewCell.xib; sourceTree = "<group>"; };
		D798A50420EF465F0058696A /* PopularMovies.app */ = {isa = PBXFileReference; explicitFileType = wrapper.application; includeInIndex = 0; path = PopularMovies.app; sourceTree = BUILT_PRODUCTS_DIR; };
		D798A50720EF465F0058696A /* AppDelegate.swift */ = {isa = PBXFileReference; lastKnownFileType = sourcecode.swift; path = AppDelegate.swift; sourceTree = "<group>"; };
		D798A50920EF465F0058696A /* MainViewController.swift */ = {isa = PBXFileReference; lastKnownFileType = sourcecode.swift; path = MainViewController.swift; sourceTree = "<group>"; };
		D798A50C20EF465F0058696A /* Base */ = {isa = PBXFileReference; lastKnownFileType = file.storyboard; name = Base; path = Base.lproj/Main.storyboard; sourceTree = "<group>"; };
		D798A50E20EF46720058696A /* Assets.xcassets */ = {isa = PBXFileReference; lastKnownFileType = folder.assetcatalog; path = Assets.xcassets; sourceTree = "<group>"; };
		D798A51120EF46720058696A /* Base */ = {isa = PBXFileReference; lastKnownFileType = file.storyboard; name = Base; path = Base.lproj/LaunchScreen.storyboard; sourceTree = "<group>"; };
		D798A51320EF46720058696A /* Info.plist */ = {isa = PBXFileReference; lastKnownFileType = text.plist.xml; path = Info.plist; sourceTree = "<group>"; };
		D798A51920EF53EA0058696A /* .gitignore */ = {isa = PBXFileReference; lastKnownFileType = text; path = .gitignore; sourceTree = "<group>"; };
		D798A52020F045060058696A /* README.md */ = {isa = PBXFileReference; lastKnownFileType = net.daringfireball.markdown; path = README.md; sourceTree = "<group>"; };
		D798A56720FC3D0B0058696A /* MovieCollectionViewCell.swift */ = {isa = PBXFileReference; lastKnownFileType = sourcecode.swift; path = MovieCollectionViewCell.swift; sourceTree = "<group>"; };
		D798A56820FC3D0B0058696A /* MovieCollectionViewCell.xib */ = {isa = PBXFileReference; lastKnownFileType = file.xib; path = MovieCollectionViewCell.xib; sourceTree = "<group>"; };
		D798A56C20FDE4450058696A /* PopularMoviesConstants.swift */ = {isa = PBXFileReference; lastKnownFileType = sourcecode.swift; path = PopularMoviesConstants.swift; sourceTree = "<group>"; };
		D798A56F20FFF3770058696A /* MovieListResultObject.swift */ = {isa = PBXFileReference; lastKnownFileType = sourcecode.swift; path = MovieListResultObject.swift; sourceTree = "<group>"; };
		D798A571210149750058696A /* TheMovieDatabaseUtils.swift */ = {isa = PBXFileReference; lastKnownFileType = sourcecode.swift; path = TheMovieDatabaseUtils.swift; sourceTree = "<group>"; };
		D7F4BF6A2228F2F700B63C9A /* MovieReviewResultObject.swift */ = {isa = PBXFileReference; lastKnownFileType = sourcecode.swift; path = MovieReviewResultObject.swift; sourceTree = "<group>"; };
		D7F4BF6C2236165800B63C9A /* MoviePosterDetailViewController.swift */ = {isa = PBXFileReference; lastKnownFileType = sourcecode.swift; path = MoviePosterDetailViewController.swift; sourceTree = "<group>"; };
		D7F4BF6E223F392600B63C9A /* MyUISeparator.swift */ = {isa = PBXFileReference; lastKnownFileType = sourcecode.swift; path = MyUISeparator.swift; sourceTree = "<group>"; };
		D7F4BF702240A65E00B63C9A /* MovieVideoResultObject.swift */ = {isa = PBXFileReference; lastKnownFileType = sourcecode.swift; path = MovieVideoResultObject.swift; sourceTree = "<group>"; };
		D7F4BF7822449AAE00B63C9A /* CustomMovieTrailerTableViewCell.swift */ = {isa = PBXFileReference; lastKnownFileType = sourcecode.swift; path = CustomMovieTrailerTableViewCell.swift; sourceTree = "<group>"; };
		D7F4BF7922449AAE00B63C9A /* CustomMovieTrailerTableViewCell.xib */ = {isa = PBXFileReference; lastKnownFileType = file.xib; path = CustomMovieTrailerTableViewCell.xib; sourceTree = "<group>"; };
		D7F4BF8422473EBA00B63C9A /* MovieFavoriteObject.swift */ = {isa = PBXFileReference; lastKnownFileType = sourcecode.swift; path = MovieFavoriteObject.swift; sourceTree = "<group>"; };
		D7F4BF862249DB9900B63C9A /* CustomMainDetailViewTableViewCell.swift */ = {isa = PBXFileReference; lastKnownFileType = sourcecode.swift; path = CustomMainDetailViewTableViewCell.swift; sourceTree = "<group>"; };
		D7F4BF872249DB9900B63C9A /* CustomMainDetailViewTableViewCell.xib */ = {isa = PBXFileReference; lastKnownFileType = file.xib; path = CustomMainDetailViewTableViewCell.xib; sourceTree = "<group>"; };
		D7F4BF8B22542A4100B63C9A /* MyUri.swift */ = {isa = PBXFileReference; lastKnownFileType = sourcecode.swift; path = MyUri.swift; sourceTree = "<group>"; };
		D7F4BF8D225D9A5B00B63C9A /* PopularMoviesSettings.swift */ = {isa = PBXFileReference; lastKnownFileType = sourcecode.swift; path = PopularMoviesSettings.swift; sourceTree = "<group>"; };
		D7F4BF9122716F7A00B63C9A /* PopularMoviesDataModel.xcdatamodel */ = {isa = PBXFileReference; lastKnownFileType = wrapper.xcdatamodel; path = PopularMoviesDataModel.xcdatamodel; sourceTree = "<group>"; };
		D7F4BFBC2274112200B63C9A /* MovieFavorite+CoreDataClass.swift */ = {isa = PBXFileReference; lastKnownFileType = sourcecode.swift; path = "MovieFavorite+CoreDataClass.swift"; sourceTree = "<group>"; };
		D7F4BFC02276B81500B63C9A /* MovieTrailers+CoreDataClass.swift */ = {isa = PBXFileReference; lastKnownFileType = sourcecode.swift; path = "MovieTrailers+CoreDataClass.swift"; sourceTree = "<group>"; };
		D7F4BFC4227809D600B63C9A /* MovieReviews+CoreDataClass.swift */ = {isa = PBXFileReference; lastKnownFileType = sourcecode.swift; path = "MovieReviews+CoreDataClass.swift"; sourceTree = "<group>"; };
		D7FBE438228A800D005CA9C2 /* CustomMovieReviewTableViewCell.swift */ = {isa = PBXFileReference; lastKnownFileType = sourcecode.swift; path = CustomMovieReviewTableViewCell.swift; sourceTree = "<group>"; };
		D7FBE439228A800D005CA9C2 /* CustomMovieReviewTableViewCell.xib */ = {isa = PBXFileReference; lastKnownFileType = file.xib; path = CustomMovieReviewTableViewCell.xib; sourceTree = "<group>"; };
		D7FBE43C228D0665005CA9C2 /* Reusable.swift */ = {isa = PBXFileReference; lastKnownFileType = sourcecode.swift; path = Reusable.swift; sourceTree = "<group>"; };
		D7FBE440228D07E7005CA9C2 /* ReusableNib.swift */ = {isa = PBXFileReference; lastKnownFileType = sourcecode.swift; path = ReusableNib.swift; sourceTree = "<group>"; };
		F465460714F2323DF5452BCD /* Pods-PopularMovies.debug.xcconfig */ = {isa = PBXFileReference; includeInIndex = 1; lastKnownFileType = text.xcconfig; name = "Pods-PopularMovies.debug.xcconfig"; path = "Pods/Target Support Files/Pods-PopularMovies/Pods-PopularMovies.debug.xcconfig"; sourceTree = "<group>"; };
/* End PBXFileReference section */

/* Begin PBXFrameworksBuildPhase section */
		D798A50120EF465F0058696A /* Frameworks */ = {
			isa = PBXFrameworksBuildPhase;
			buildActionMask = 2147483647;
			files = (
				441CB3A7FB8F17A41CEF1981 /* Pods_PopularMovies.framework in Frameworks */,
			);
			runOnlyForDeploymentPostprocessing = 0;
		};
/* End PBXFrameworksBuildPhase section */

/* Begin PBXGroup section */
		A145C7D1AF04E8C12D3575BA /* Pods */ = {
			isa = PBXGroup;
			children = (
				F465460714F2323DF5452BCD /* Pods-PopularMovies.debug.xcconfig */,
				B23604520039153B38D7F928 /* Pods-PopularMovies.release.xcconfig */,
			);
			name = Pods;
			sourceTree = "<group>";
		};
		D798A4FB20EF465F0058696A = {
			isa = PBXGroup;
			children = (
				D798A52020F045060058696A /* README.md */,
				D798A51920EF53EA0058696A /* .gitignore */,
				D798A50620EF465F0058696A /* PopularMovies */,
				D798A50520EF465F0058696A /* Products */,
				A145C7D1AF04E8C12D3575BA /* Pods */,
				D8EF62C339BBFC96236786E0 /* Frameworks */,
			);
			sourceTree = "<group>";
		};
		D798A50520EF465F0058696A /* Products */ = {
			isa = PBXGroup;
			children = (
				D798A50420EF465F0058696A /* PopularMovies.app */,
			);
			name = Products;
			sourceTree = "<group>";
		};
		D798A50620EF465F0058696A /* PopularMovies */ = {
			isa = PBXGroup;
			children = (
				D7F4BF8A22542A1400B63C9A /* Net */,
				D798A56E20FFF34F0058696A /* Model */,
				D798A51B20EF57BE0058696A /* View */,
				D798A51C20EF58630058696A /* Controller */,
				D798A56B20FDE40F0058696A /* Utils */,
				D798A50E20EF46720058696A /* Assets.xcassets */,
				D798A51020EF46720058696A /* LaunchScreen.storyboard */,
				D798A51D20EF59100058696A /* Supporting Files */,
			);
			path = PopularMovies;
			sourceTree = "<group>";
		};
		D798A51B20EF57BE0058696A /* View */ = {
			isa = PBXGroup;
			children = (
				D798A56620FC3C1E0058696A /* Custom Cell */,
				D798A50B20EF465F0058696A /* Main.storyboard */,
				D7F4BF6E223F392600B63C9A /* MyUISeparator.swift */,
			);
			path = View;
			sourceTree = "<group>";
		};
		D798A51C20EF58630058696A /* Controller */ = {
			isa = PBXGroup;
			children = (
				D798A50720EF465F0058696A /* AppDelegate.swift */,
				D798A50920EF465F0058696A /* MainViewController.swift */,
				D7F4BF6C2236165800B63C9A /* MoviePosterDetailViewController.swift */,
			);
			path = Controller;
			sourceTree = "<group>";
		};
		D798A51D20EF59100058696A /* Supporting Files */ = {
			isa = PBXGroup;
			children = (
				D798A51320EF46720058696A /* Info.plist */,
			);
			path = "Supporting Files";
			sourceTree = "<group>";
		};
		D798A56620FC3C1E0058696A /* Custom Cell */ = {
			isa = PBXGroup;
			children = (
				D798A56720FC3D0B0058696A /* MovieCollectionViewCell.swift */,
				D798A56820FC3D0B0058696A /* MovieCollectionViewCell.xib */,
				D7F4BF7822449AAE00B63C9A /* CustomMovieTrailerTableViewCell.swift */,
				D7F4BF7922449AAE00B63C9A /* CustomMovieTrailerTableViewCell.xib */,
				D7F4BF862249DB9900B63C9A /* CustomMainDetailViewTableViewCell.swift */,
				D7F4BF872249DB9900B63C9A /* CustomMainDetailViewTableViewCell.xib */,
				D712685E227D5FF400AAEB33 /* MovieTrailerHeaderTableViewCell.swift */,
				D712685F227D5FF400AAEB33 /* MovieTrailerHeaderTableViewCell.xib */,
				D7126862227FEF7700AAEB33 /* MovieReviewHeaderTableViewCell.swift */,
				D7126863227FEF7700AAEB33 /* MovieReviewHeaderTableViewCell.xib */,
				D7126868228527EC00AAEB33 /* DetailViewTableHeader.swift */,
				D712686A2285282E00AAEB33 /* DetailViewTableHeader.xib */,
				D712686C228530BD00AAEB33 /* EmptyDetailViewTableViewCell.swift */,
				D712686D228530BD00AAEB33 /* EmptyDetailViewTableViewCell.xib */,
				D7FBE438228A800D005CA9C2 /* CustomMovieReviewTableViewCell.swift */,
				D7FBE439228A800D005CA9C2 /* CustomMovieReviewTableViewCell.xib */,
				D7FBE43C228D0665005CA9C2 /* Reusable.swift */,
				D7FBE440228D07E7005CA9C2 /* ReusableNib.swift */,
			);
			path = "Custom Cell";
			sourceTree = "<group>";
		};
		D798A56B20FDE40F0058696A /* Utils */ = {
			isa = PBXGroup;
			children = (
				D798A56C20FDE4450058696A /* PopularMoviesConstants.swift */,
				D798A571210149750058696A /* TheMovieDatabaseUtils.swift */,
			);
			path = Utils;
			sourceTree = "<group>";
		};
		D798A56E20FFF34F0058696A /* Model */ = {
			isa = PBXGroup;
			children = (
				D7F4BF8F22716F4900B63C9A /* Data Model */,
				D798A56F20FFF3770058696A /* MovieListResultObject.swift */,
				D7F4BF6A2228F2F700B63C9A /* MovieReviewResultObject.swift */,
				D7F4BF702240A65E00B63C9A /* MovieVideoResultObject.swift */,
				D7F4BF8422473EBA00B63C9A /* MovieFavoriteObject.swift */,
				D7F4BF8D225D9A5B00B63C9A /* PopularMoviesSettings.swift */,
			);
			path = Model;
			sourceTree = "<group>";
		};
		D7F4BF8A22542A1400B63C9A /* Net */ = {
			isa = PBXGroup;
			children = (
				D7F4BF8B22542A4100B63C9A /* MyUri.swift */,
			);
			path = Net;
			sourceTree = "<group>";
		};
		D7F4BF8F22716F4900B63C9A /* Data Model */ = {
			isa = PBXGroup;
			children = (
				D7F4BFC4227809D600B63C9A /* MovieReviews+CoreDataClass.swift */,
				D7F4BFC02276B81500B63C9A /* MovieTrailers+CoreDataClass.swift */,
				D7F4BFBC2274112200B63C9A /* MovieFavorite+CoreDataClass.swift */,
				D7F4BF9022716F7900B63C9A /* PopularMoviesDataModel.xcdatamodeld */,
			);
			path = "Data Model";
			sourceTree = "<group>";
		};
		D8EF62C339BBFC96236786E0 /* Frameworks */ = {
			isa = PBXGroup;
			children = (
				6616EE2C84B61CF15410D5A5 /* Pods_PopularMovies.framework */,
			);
			name = Frameworks;
			sourceTree = "<group>";
		};
/* End PBXGroup section */

/* Begin PBXNativeTarget section */
		D798A50320EF465F0058696A /* PopularMovies */ = {
			isa = PBXNativeTarget;
			buildConfigurationList = D798A51620EF46720058696A /* Build configuration list for PBXNativeTarget "PopularMovies" */;
			buildPhases = (
				42396251F374988948E52320 /* [CP] Check Pods Manifest.lock */,
				D798A50020EF465F0058696A /* Sources */,
				D798A50120EF465F0058696A /* Frameworks */,
				D798A50220EF465F0058696A /* Resources */,
				D3869FDD2A6343897152DFE4 /* [CP] Embed Pods Frameworks */,
			);
			buildRules = (
			);
			dependencies = (
			);
			name = PopularMovies;
			productName = PopularMovies;
			productReference = D798A50420EF465F0058696A /* PopularMovies.app */;
			productType = "com.apple.product-type.application";
		};
/* End PBXNativeTarget section */

/* Begin PBXProject section */
		D798A4FC20EF465F0058696A /* Project object */ = {
			isa = PBXProject;
			attributes = {
				LastSwiftUpdateCheck = 0940;
				LastUpgradeCheck = 0940;
				ORGANIZATIONNAME = "Raynard Brown";
				TargetAttributes = {
					D798A50320EF465F0058696A = {
						CreatedOnToolsVersion = 9.4.1;
					};
				};
			};
			buildConfigurationList = D798A4FF20EF465F0058696A /* Build configuration list for PBXProject "PopularMovies" */;
			compatibilityVersion = "Xcode 9.3";
			developmentRegion = en;
			hasScannedForEncodings = 0;
			knownRegions = (
				en,
				Base,
			);
			mainGroup = D798A4FB20EF465F0058696A;
			productRefGroup = D798A50520EF465F0058696A /* Products */;
			projectDirPath = "";
			projectRoot = "";
			targets = (
				D798A50320EF465F0058696A /* PopularMovies */,
			);
		};
/* End PBXProject section */

/* Begin PBXResourcesBuildPhase section */
		D798A50220EF465F0058696A /* Resources */ = {
			isa = PBXResourcesBuildPhase;
			buildActionMask = 2147483647;
			files = (
				D798A51A20EF53EA0058696A /* .gitignore in Resources */,
				D7FBE43B228A800D005CA9C2 /* CustomMovieReviewTableViewCell.xib in Resources */,
				D798A51220EF46720058696A /* LaunchScreen.storyboard in Resources */,
				D798A52120F045060058696A /* README.md in Resources */,
				D7F4BF7B22449AAE00B63C9A /* CustomMovieTrailerTableViewCell.xib in Resources */,
				D712686B2285282E00AAEB33 /* DetailViewTableHeader.xib in Resources */,
				D798A50F20EF46720058696A /* Assets.xcassets in Resources */,
				D7126861227D5FF400AAEB33 /* MovieTrailerHeaderTableViewCell.xib in Resources */,
				D798A50D20EF465F0058696A /* Main.storyboard in Resources */,
				D798A56A20FC3D0B0058696A /* MovieCollectionViewCell.xib in Resources */,
				D7F4BF892249DB9900B63C9A /* CustomMainDetailViewTableViewCell.xib in Resources */,
				D712686F228530BD00AAEB33 /* EmptyDetailViewTableViewCell.xib in Resources */,
				D7126865227FEF7700AAEB33 /* MovieReviewHeaderTableViewCell.xib in Resources */,
			);
			runOnlyForDeploymentPostprocessing = 0;
		};
/* End PBXResourcesBuildPhase section */

/* Begin PBXShellScriptBuildPhase section */
		42396251F374988948E52320 /* [CP] Check Pods Manifest.lock */ = {
			isa = PBXShellScriptBuildPhase;
			buildActionMask = 2147483647;
			files = (
			);
			inputPaths = (
				"${PODS_PODFILE_DIR_PATH}/Podfile.lock",
				"${PODS_ROOT}/Manifest.lock",
			);
			name = "[CP] Check Pods Manifest.lock";
			outputPaths = (
				"$(DERIVED_FILE_DIR)/Pods-PopularMovies-checkManifestLockResult.txt",
			);
			runOnlyForDeploymentPostprocessing = 0;
			shellPath = /bin/sh;
			shellScript = "diff \"${PODS_PODFILE_DIR_PATH}/Podfile.lock\" \"${PODS_ROOT}/Manifest.lock\" > /dev/null\nif [ $? != 0 ] ; then\n    # print error to STDERR\n    echo \"error: The sandbox is not in sync with the Podfile.lock. Run 'pod install' or update your CocoaPods installation.\" >&2\n    exit 1\nfi\n# This output is used by Xcode 'outputs' to avoid re-running this script phase.\necho \"SUCCESS\" > \"${SCRIPT_OUTPUT_FILE_0}\"\n";
			showEnvVarsInLog = 0;
		};
		D3869FDD2A6343897152DFE4 /* [CP] Embed Pods Frameworks */ = {
			isa = PBXShellScriptBuildPhase;
			buildActionMask = 2147483647;
			files = (
			);
			inputPaths = (
				"${SRCROOT}/Pods/Target Support Files/Pods-PopularMovies/Pods-PopularMovies-frameworks.sh",
				"${BUILT_PRODUCTS_DIR}/Alamofire/Alamofire.framework",
				"${BUILT_PRODUCTS_DIR}/Reachability/Reachability.framework",
				"${BUILT_PRODUCTS_DIR}/SDWebImage/SDWebImage.framework",
				"${BUILT_PRODUCTS_DIR}/SwiftyJSON/SwiftyJSON.framework",
			);
			name = "[CP] Embed Pods Frameworks";
			outputPaths = (
				"${TARGET_BUILD_DIR}/${FRAMEWORKS_FOLDER_PATH}/Alamofire.framework",
				"${TARGET_BUILD_DIR}/${FRAMEWORKS_FOLDER_PATH}/Reachability.framework",
				"${TARGET_BUILD_DIR}/${FRAMEWORKS_FOLDER_PATH}/SDWebImage.framework",
				"${TARGET_BUILD_DIR}/${FRAMEWORKS_FOLDER_PATH}/SwiftyJSON.framework",
			);
			runOnlyForDeploymentPostprocessing = 0;
			shellPath = /bin/sh;
			shellScript = "\"${SRCROOT}/Pods/Target Support Files/Pods-PopularMovies/Pods-PopularMovies-frameworks.sh\"\n";
			showEnvVarsInLog = 0;
		};
/* End PBXShellScriptBuildPhase section */

/* Begin PBXSourcesBuildPhase section */
		D798A50020EF465F0058696A /* Sources */ = {
			isa = PBXSourcesBuildPhase;
			buildActionMask = 2147483647;
			files = (
				D7F4BFC22276B81500B63C9A /* MovieTrailers+CoreDataClass.swift in Sources */,
				D798A56920FC3D0B0058696A /* MovieCollectionViewCell.swift in Sources */,
				D798A57020FFF3770058696A /* MovieListResultObject.swift in Sources */,
				D7126860227D5FF400AAEB33 /* MovieTrailerHeaderTableViewCell.swift in Sources */,
				D7FBE43D228D0665005CA9C2 /* Reusable.swift in Sources */,
				D7F4BF712240A65E00B63C9A /* MovieVideoResultObject.swift in Sources */,
				D712686E228530BD00AAEB33 /* EmptyDetailViewTableViewCell.swift in Sources */,
				D7126869228527EC00AAEB33 /* DetailViewTableHeader.swift in Sources */,
				D7FBE43A228A800D005CA9C2 /* CustomMovieReviewTableViewCell.swift in Sources */,
				D7F4BF8522473EBA00B63C9A /* MovieFavoriteObject.swift in Sources */,
				D798A50A20EF465F0058696A /* MainViewController.swift in Sources */,
				D798A572210149750058696A /* TheMovieDatabaseUtils.swift in Sources */,
				D7F4BFBE2274112200B63C9A /* MovieFavorite+CoreDataClass.swift in Sources */,
				D7F4BF8C22542A4100B63C9A /* MyUri.swift in Sources */,
				D7FBE441228D07E7005CA9C2 /* ReusableNib.swift in Sources */,
				D798A56D20FDE4450058696A /* PopularMoviesConstants.swift in Sources */,
				D7F4BF6F223F392600B63C9A /* MyUISeparator.swift in Sources */,
				D7F4BFC6227809D600B63C9A /* MovieReviews+CoreDataClass.swift in Sources */,
				D7F4BF7A22449AAE00B63C9A /* CustomMovieTrailerTableViewCell.swift in Sources */,
				D7F4BF6B2228F2F700B63C9A /* MovieReviewResultObject.swift in Sources */,
				D7F4BF882249DB9900B63C9A /* CustomMainDetailViewTableViewCell.swift in Sources */,
				D7F4BF9222716F7A00B63C9A /* PopularMoviesDataModel.xcdatamodeld in Sources */,
				D798A50820EF465F0058696A /* AppDelegate.swift in Sources */,
				D7F4BF8E225D9A5B00B63C9A /* PopularMoviesSettings.swift in Sources */,
				D7F4BF6D2236165800B63C9A /* MoviePosterDetailViewController.swift in Sources */,
				D7126864227FEF7700AAEB33 /* MovieReviewHeaderTableViewCell.swift in Sources */,
			);
			runOnlyForDeploymentPostprocessing = 0;
		};
/* End PBXSourcesBuildPhase section */

/* Begin PBXVariantGroup section */
		D798A50B20EF465F0058696A /* Main.storyboard */ = {
			isa = PBXVariantGroup;
			children = (
				D798A50C20EF465F0058696A /* Base */,
			);
			name = Main.storyboard;
			sourceTree = "<group>";
		};
		D798A51020EF46720058696A /* LaunchScreen.storyboard */ = {
			isa = PBXVariantGroup;
			children = (
				D798A51120EF46720058696A /* Base */,
			);
			name = LaunchScreen.storyboard;
			sourceTree = "<group>";
		};
/* End PBXVariantGroup section */

/* Begin XCBuildConfiguration section */
		D798A51420EF46720058696A /* Debug */ = {
			isa = XCBuildConfiguration;
			buildSettings = {
				ALWAYS_SEARCH_USER_PATHS = NO;
				CLANG_ANALYZER_NONNULL = YES;
				CLANG_ANALYZER_NUMBER_OBJECT_CONVERSION = YES_AGGRESSIVE;
				CLANG_CXX_LANGUAGE_STANDARD = "gnu++14";
				CLANG_CXX_LIBRARY = "libc++";
				CLANG_ENABLE_MODULES = YES;
				CLANG_ENABLE_OBJC_ARC = YES;
				CLANG_ENABLE_OBJC_WEAK = YES;
				CLANG_WARN_BLOCK_CAPTURE_AUTORELEASING = YES;
				CLANG_WARN_BOOL_CONVERSION = YES;
				CLANG_WARN_COMMA = YES;
				CLANG_WARN_CONSTANT_CONVERSION = YES;
				CLANG_WARN_DEPRECATED_OBJC_IMPLEMENTATIONS = YES;
				CLANG_WARN_DIRECT_OBJC_ISA_USAGE = YES_ERROR;
				CLANG_WARN_DOCUMENTATION_COMMENTS = YES;
				CLANG_WARN_EMPTY_BODY = YES;
				CLANG_WARN_ENUM_CONVERSION = YES;
				CLANG_WARN_INFINITE_RECURSION = YES;
				CLANG_WARN_INT_CONVERSION = YES;
				CLANG_WARN_NON_LITERAL_NULL_CONVERSION = YES;
				CLANG_WARN_OBJC_IMPLICIT_RETAIN_SELF = YES;
				CLANG_WARN_OBJC_LITERAL_CONVERSION = YES;
				CLANG_WARN_OBJC_ROOT_CLASS = YES_ERROR;
				CLANG_WARN_RANGE_LOOP_ANALYSIS = YES;
				CLANG_WARN_STRICT_PROTOTYPES = YES;
				CLANG_WARN_SUSPICIOUS_MOVE = YES;
				CLANG_WARN_UNGUARDED_AVAILABILITY = YES_AGGRESSIVE;
				CLANG_WARN_UNREACHABLE_CODE = YES;
				CLANG_WARN__DUPLICATE_METHOD_MATCH = YES;
				CODE_SIGN_IDENTITY = "iPhone Developer";
				COPY_PHASE_STRIP = NO;
				DEBUG_INFORMATION_FORMAT = dwarf;
				ENABLE_STRICT_OBJC_MSGSEND = YES;
				ENABLE_TESTABILITY = YES;
				GCC_C_LANGUAGE_STANDARD = gnu11;
				GCC_DYNAMIC_NO_PIC = NO;
				GCC_NO_COMMON_BLOCKS = YES;
				GCC_OPTIMIZATION_LEVEL = 0;
				GCC_PREPROCESSOR_DEFINITIONS = (
					"DEBUG=1",
					"$(inherited)",
				);
				GCC_WARN_64_TO_32_BIT_CONVERSION = YES;
				GCC_WARN_ABOUT_RETURN_TYPE = YES_ERROR;
				GCC_WARN_UNDECLARED_SELECTOR = YES;
				GCC_WARN_UNINITIALIZED_AUTOS = YES_AGGRESSIVE;
				GCC_WARN_UNUSED_FUNCTION = YES;
				GCC_WARN_UNUSED_VARIABLE = YES;
				IPHONEOS_DEPLOYMENT_TARGET = 11.4;
				MTL_ENABLE_DEBUG_INFO = YES;
				ONLY_ACTIVE_ARCH = YES;
				SDKROOT = iphoneos;
				SWIFT_ACTIVE_COMPILATION_CONDITIONS = DEBUG;
				SWIFT_OPTIMIZATION_LEVEL = "-Onone";
			};
			name = Debug;
		};
		D798A51520EF46720058696A /* Release */ = {
			isa = XCBuildConfiguration;
			buildSettings = {
				ALWAYS_SEARCH_USER_PATHS = NO;
				CLANG_ANALYZER_NONNULL = YES;
				CLANG_ANALYZER_NUMBER_OBJECT_CONVERSION = YES_AGGRESSIVE;
				CLANG_CXX_LANGUAGE_STANDARD = "gnu++14";
				CLANG_CXX_LIBRARY = "libc++";
				CLANG_ENABLE_MODULES = YES;
				CLANG_ENABLE_OBJC_ARC = YES;
				CLANG_ENABLE_OBJC_WEAK = YES;
				CLANG_WARN_BLOCK_CAPTURE_AUTORELEASING = YES;
				CLANG_WARN_BOOL_CONVERSION = YES;
				CLANG_WARN_COMMA = YES;
				CLANG_WARN_CONSTANT_CONVERSION = YES;
				CLANG_WARN_DEPRECATED_OBJC_IMPLEMENTATIONS = YES;
				CLANG_WARN_DIRECT_OBJC_ISA_USAGE = YES_ERROR;
				CLANG_WARN_DOCUMENTATION_COMMENTS = YES;
				CLANG_WARN_EMPTY_BODY = YES;
				CLANG_WARN_ENUM_CONVERSION = YES;
				CLANG_WARN_INFINITE_RECURSION = YES;
				CLANG_WARN_INT_CONVERSION = YES;
				CLANG_WARN_NON_LITERAL_NULL_CONVERSION = YES;
				CLANG_WARN_OBJC_IMPLICIT_RETAIN_SELF = YES;
				CLANG_WARN_OBJC_LITERAL_CONVERSION = YES;
				CLANG_WARN_OBJC_ROOT_CLASS = YES_ERROR;
				CLANG_WARN_RANGE_LOOP_ANALYSIS = YES;
				CLANG_WARN_STRICT_PROTOTYPES = YES;
				CLANG_WARN_SUSPICIOUS_MOVE = YES;
				CLANG_WARN_UNGUARDED_AVAILABILITY = YES_AGGRESSIVE;
				CLANG_WARN_UNREACHABLE_CODE = YES;
				CLANG_WARN__DUPLICATE_METHOD_MATCH = YES;
				CODE_SIGN_IDENTITY = "iPhone Developer";
				COPY_PHASE_STRIP = NO;
				DEBUG_INFORMATION_FORMAT = "dwarf-with-dsym";
				ENABLE_NS_ASSERTIONS = NO;
				ENABLE_STRICT_OBJC_MSGSEND = YES;
				GCC_C_LANGUAGE_STANDARD = gnu11;
				GCC_NO_COMMON_BLOCKS = YES;
				GCC_WARN_64_TO_32_BIT_CONVERSION = YES;
				GCC_WARN_ABOUT_RETURN_TYPE = YES_ERROR;
				GCC_WARN_UNDECLARED_SELECTOR = YES;
				GCC_WARN_UNINITIALIZED_AUTOS = YES_AGGRESSIVE;
				GCC_WARN_UNUSED_FUNCTION = YES;
				GCC_WARN_UNUSED_VARIABLE = YES;
				IPHONEOS_DEPLOYMENT_TARGET = 11.4;
				MTL_ENABLE_DEBUG_INFO = NO;
				SDKROOT = iphoneos;
				SWIFT_COMPILATION_MODE = wholemodule;
				SWIFT_OPTIMIZATION_LEVEL = "-O";
				VALIDATE_PRODUCT = YES;
			};
			name = Release;
		};
		D798A51720EF46720058696A /* Debug */ = {
			isa = XCBuildConfiguration;
			baseConfigurationReference = F465460714F2323DF5452BCD /* Pods-PopularMovies.debug.xcconfig */;
			buildSettings = {
				ASSETCATALOG_COMPILER_APPICON_NAME = AppIcon;
				CODE_SIGN_STYLE = Automatic;
				INFOPLIST_FILE = "$(SRCROOT)/PopularMovies/Supporting Files/Info.plist";
				LD_RUNPATH_SEARCH_PATHS = (
					"$(inherited)",
					"@executable_path/Frameworks",
				);
				PRODUCT_BUNDLE_IDENTIFIER = com.example.PopularMovies;
				PRODUCT_NAME = "$(TARGET_NAME)";
				SWIFT_VERSION = 4.0;
				TARGETED_DEVICE_FAMILY = "1,2";
			};
			name = Debug;
		};
		D798A51820EF46720058696A /* Release */ = {
			isa = XCBuildConfiguration;
			baseConfigurationReference = B23604520039153B38D7F928 /* Pods-PopularMovies.release.xcconfig */;
			buildSettings = {
				ASSETCATALOG_COMPILER_APPICON_NAME = AppIcon;
				CODE_SIGN_STYLE = Automatic;
				INFOPLIST_FILE = "$(SRCROOT)/PopularMovies/Supporting Files/Info.plist";
				LD_RUNPATH_SEARCH_PATHS = (
					"$(inherited)",
					"@executable_path/Frameworks",
				);
				PRODUCT_BUNDLE_IDENTIFIER = com.example.PopularMovies;
				PRODUCT_NAME = "$(TARGET_NAME)";
				SWIFT_VERSION = 4.0;
				TARGETED_DEVICE_FAMILY = "1,2";
			};
			name = Release;
		};
/* End XCBuildConfiguration section */

/* Begin XCConfigurationList section */
		D798A4FF20EF465F0058696A /* Build configuration list for PBXProject "PopularMovies" */ = {
			isa = XCConfigurationList;
			buildConfigurations = (
				D798A51420EF46720058696A /* Debug */,
				D798A51520EF46720058696A /* Release */,
			);
			defaultConfigurationIsVisible = 0;
			defaultConfigurationName = Release;
		};
		D798A51620EF46720058696A /* Build configuration list for PBXNativeTarget "PopularMovies" */ = {
			isa = XCConfigurationList;
			buildConfigurations = (
				D798A51720EF46720058696A /* Debug */,
				D798A51820EF46720058696A /* Release */,
			);
			defaultConfigurationIsVisible = 0;
			defaultConfigurationName = Release;
		};
/* End XCConfigurationList section */

/* Begin XCVersionGroup section */
		D7F4BF9022716F7900B63C9A /* PopularMoviesDataModel.xcdatamodeld */ = {
			isa = XCVersionGroup;
			children = (
				D7F4BF9122716F7A00B63C9A /* PopularMoviesDataModel.xcdatamodel */,
			);
			currentVersion = D7F4BF9122716F7A00B63C9A /* PopularMoviesDataModel.xcdatamodel */;
			path = PopularMoviesDataModel.xcdatamodeld;
			sourceTree = "<group>";
			versionGroupType = wrapper.xcdatamodel;
		};
/* End XCVersionGroup section */
	};
	rootObject = D798A4FC20EF465F0058696A /* Project object */;
}
